<?xml version="1.0" encoding="UTF-8"?>
<!DOCTYPE plist PUBLIC "-//Apple//DTD PLIST 1.0//EN" "http://www.apple.com/DTDs/PropertyList-1.0.dtd">
<plist version="1.0">
<dict>
	<key>archiveVersion</key>
	<string>1</string>
	<key>classes</key>
	<dict/>
	<key>objectVersion</key>
	<string>46</string>
	<key>objects</key>
	<dict>
		<key>02173C36F355DC9389294DE7</key>
		<dict>
			<key>fileRef</key>
			<string>432A4696F48DC53EEB5697CE</string>
			<key>isa</key>
			<string>PBXBuildFile</string>
		</dict>
		<key>063F10638634D64EA8703B1C</key>
		<dict>
			<key>buildActionMask</key>
			<string>2147483647</string>
			<key>files</key>
			<array/>
			<key>inputPaths</key>
			<array/>
			<key>isa</key>
			<string>PBXShellScriptBuildPhase</string>
			<key>name</key>
			<string>[CP] Check Pods Manifest.lock</string>
			<key>outputPaths</key>
			<array/>
			<key>runOnlyForDeploymentPostprocessing</key>
			<string>0</string>
			<key>shellPath</key>
			<string>/bin/sh</string>
			<key>shellScript</key>
			<string>diff "${PODS_ROOT}/../Podfile.lock" "${PODS_ROOT}/Manifest.lock" &gt; /dev/null
if [[ $? != 0 ]] ; then
    cat &lt;&lt; EOM
error: The sandbox is not in sync with the Podfile.lock. Run 'pod install' or update your CocoaPods installation.
EOM
    exit 1
fi
</string>
			<key>showEnvVarsInLog</key>
			<string>0</string>
		</dict>
		<key>430FD7441DE484EC00D07C50</key>
		<dict>
			<key>fileEncoding</key>
			<string>4</string>
			<key>isa</key>
			<string>PBXFileReference</string>
			<key>lastKnownFileType</key>
			<string>sourcecode.swift</string>
			<key>path</key>
			<string>Constants.swift</string>
			<key>sourceTree</key>
			<string>&lt;group&gt;</string>
		</dict>
		<key>430FD7451DE484EC00D07C50</key>
		<dict>
			<key>fileRef</key>
			<string>430FD7441DE484EC00D07C50</string>
			<key>isa</key>
			<string>PBXBuildFile</string>
		</dict>
		<key>432A4696F48DC53EEB5697CE</key>
		<dict>
			<key>explicitFileType</key>
			<string>wrapper.framework</string>
			<key>includeInIndex</key>
			<string>0</string>
			<key>isa</key>
			<string>PBXFileReference</string>
			<key>path</key>
			<string>Pods_Baby_Tracker.framework</string>
			<key>sourceTree</key>
			<string>BUILT_PRODUCTS_DIR</string>
		</dict>
		<key>43503C3D1DD35DAC00C6424E</key>
		<dict>
			<key>fileEncoding</key>
			<string>4</string>
			<key>isa</key>
			<string>PBXFileReference</string>
			<key>lastKnownFileType</key>
			<string>sourcecode.swift</string>
			<key>path</key>
			<string>Tile.swift</string>
			<key>sourceTree</key>
			<string>&lt;group&gt;</string>
		</dict>
		<key>43503C3E1DD35DAC00C6424E</key>
		<dict>
			<key>fileRef</key>
			<string>43503C3D1DD35DAC00C6424E</string>
			<key>isa</key>
			<string>PBXBuildFile</string>
		</dict>
		<key>436484A21DCA150400E6B0A7</key>
		<dict>
			<key>children</key>
			<array>
				<string>436484AD1DCA150500E6B0A7</string>
				<string>436484C21DCA150500E6B0A7</string>
				<string>436484AC1DCA150500E6B0A7</string>
				<string>C9E049A3AB031F05B25929A5</string>
				<string>E6E2429A0B036BEAA14B2AB7</string>
			</array>
			<key>isa</key>
			<string>PBXGroup</string>
			<key>sourceTree</key>
			<string>&lt;group&gt;</string>
		</dict>
		<key>436484A31DCA150400E6B0A7</key>
		<dict>
			<key>attributes</key>
			<dict>
				<key>LastSwiftUpdateCheck</key>
				<string>0810</string>
				<key>LastUpgradeCheck</key>
				<string>0810</string>
				<key>ORGANIZATIONNAME</key>
				<string>Jason Zurita</string>
				<key>TargetAttributes</key>
				<dict>
					<key>436484AA1DCA150500E6B0A7</key>
					<dict>
						<key>CreatedOnToolsVersion</key>
						<string>8.1</string>
						<key>DevelopmentTeam</key>
						<string>BHYX8VQHQ6</string>
						<key>ProvisioningStyle</key>
						<string>Automatic</string>
					</dict>
					<key>436484BE1DCA150500E6B0A7</key>
					<dict>
						<key>CreatedOnToolsVersion</key>
						<string>8.1</string>
						<key>DevelopmentTeam</key>
						<string>BHYX8VQHQ6</string>
						<key>ProvisioningStyle</key>
						<string>Automatic</string>
						<key>TestTargetID</key>
						<string>436484AA1DCA150500E6B0A7</string>
					</dict>
				</dict>
			</dict>
			<key>buildConfigurationList</key>
			<string>436484A61DCA150400E6B0A7</string>
			<key>compatibilityVersion</key>
			<string>Xcode 3.2</string>
			<key>developmentRegion</key>
			<string>English</string>
			<key>hasScannedForEncodings</key>
			<string>0</string>
			<key>isa</key>
			<string>PBXProject</string>
			<key>knownRegions</key>
			<array>
				<string>en</string>
				<string>Base</string>
			</array>
			<key>mainGroup</key>
			<string>436484A21DCA150400E6B0A7</string>
			<key>productRefGroup</key>
			<string>436484AC1DCA150500E6B0A7</string>
			<key>projectDirPath</key>
			<string></string>
			<key>projectReferences</key>
			<array/>
			<key>projectRoot</key>
			<string></string>
			<key>targets</key>
			<array>
				<string>436484AA1DCA150500E6B0A7</string>
				<string>436484BE1DCA150500E6B0A7</string>
			</array>
		</dict>
		<key>436484A61DCA150400E6B0A7</key>
		<dict>
			<key>buildConfigurations</key>
			<array>
				<string>436484C61DCA150500E6B0A7</string>
				<string>436484C71DCA150500E6B0A7</string>
			</array>
			<key>defaultConfigurationIsVisible</key>
			<string>0</string>
			<key>defaultConfigurationName</key>
			<string>Release</string>
			<key>isa</key>
			<string>XCConfigurationList</string>
		</dict>
		<key>436484A71DCA150500E6B0A7</key>
		<dict>
			<key>buildActionMask</key>
			<string>2147483647</string>
			<key>files</key>
			<array>
				<string>43AAB5D91DCCB7D5004CEB7B</string>
				<string>437814CA1DDD1B9D0047D11A</string>
				<string>43FCAA851DD0BC70003872BA</string>
				<string>436484B11DCA150500E6B0A7</string>
				<string>43503C3E1DD35DAC00C6424E</string>
				<string>43D2BE651DCB684800895A65</string>
				<string>436484AF1DCA150500E6B0A7</string>
				<string>43AAB5DB1DCCB892004CEB7B</string>
				<string>430FD7451DE484EC00D07C50</string>
			</array>
			<key>isa</key>
			<string>PBXSourcesBuildPhase</string>
			<key>runOnlyForDeploymentPostprocessing</key>
			<string>0</string>
		</dict>
		<key>436484A81DCA150500E6B0A7</key>
		<dict>
			<key>buildActionMask</key>
			<string>2147483647</string>
			<key>files</key>
			<array>
				<string>02173C36F355DC9389294DE7</string>
			</array>
			<key>isa</key>
			<string>PBXFrameworksBuildPhase</string>
			<key>runOnlyForDeploymentPostprocessing</key>
			<string>0</string>
		</dict>
		<key>436484A91DCA150500E6B0A7</key>
		<dict>
			<key>buildActionMask</key>
			<string>2147483647</string>
			<key>files</key>
			<array>
				<string>436484B91DCA150500E6B0A7</string>
				<string>436484B61DCA150500E6B0A7</string>
				<string>436484B41DCA150500E6B0A7</string>
				<string>43D2BE661DCB684800895A65</string>
				<string>436484D01DCA160400E6B0A7</string>
				<string>437814CB1DDD1B9D0047D11A</string>
			</array>
			<key>isa</key>
			<string>PBXResourcesBuildPhase</string>
			<key>runOnlyForDeploymentPostprocessing</key>
			<string>0</string>
		</dict>
		<key>436484AA1DCA150500E6B0A7</key>
		<dict>
			<key>buildConfigurationList</key>
			<string>436484C81DCA150500E6B0A7</string>
			<key>buildPhases</key>
			<array>
				<string>F98E26E6EAD0764B1E7D37D6</string>
				<string>436484A71DCA150500E6B0A7</string>
				<string>436484A81DCA150500E6B0A7</string>
				<string>436484A91DCA150500E6B0A7</string>
				<string>54770791F4753F9D34E04B8C</string>
				<string>EB0A052C8BAB51093738E988</string>
			</array>
			<key>buildRules</key>
			<array/>
			<key>dependencies</key>
			<array/>
			<key>isa</key>
			<string>PBXNativeTarget</string>
			<key>name</key>
			<string>Baby Tracker</string>
			<key>productName</key>
			<string>Baby Tracker</string>
			<key>productReference</key>
			<string>436484AB1DCA150500E6B0A7</string>
			<key>productType</key>
			<string>com.apple.product-type.application</string>
		</dict>
		<key>436484AB1DCA150500E6B0A7</key>
		<dict>
			<key>explicitFileType</key>
			<string>wrapper.application</string>
			<key>includeInIndex</key>
			<string>0</string>
			<key>isa</key>
			<string>PBXFileReference</string>
			<key>path</key>
			<string>Baby Tracker.app</string>
			<key>sourceTree</key>
			<string>BUILT_PRODUCTS_DIR</string>
		</dict>
		<key>436484AC1DCA150500E6B0A7</key>
		<dict>
			<key>children</key>
			<array>
				<string>436484AB1DCA150500E6B0A7</string>
				<string>436484BF1DCA150500E6B0A7</string>
			</array>
			<key>isa</key>
			<string>PBXGroup</string>
			<key>name</key>
			<string>Products</string>
			<key>sourceTree</key>
			<string>&lt;group&gt;</string>
		</dict>
		<key>436484AD1DCA150500E6B0A7</key>
		<dict>
			<key>children</key>
			<array>
				<string>436484AE1DCA150500E6B0A7</string>
				<string>436484D41DCA186A00E6B0A7</string>
				<string>436484D51DCA188B00E6B0A7</string>
				<string>43D2BE671DCB69E900895A65</string>
				<string>436484D31DCA183700E6B0A7</string>
				<string>436484CE1DCA15E500E6B0A7</string>
			</array>
			<key>isa</key>
			<string>PBXGroup</string>
			<key>path</key>
			<string>Baby Tracker</string>
			<key>sourceTree</key>
			<string>&lt;group&gt;</string>
		</dict>
		<key>436484AE1DCA150500E6B0A7</key>
		<dict>
			<key>isa</key>
			<string>PBXFileReference</string>
			<key>lastKnownFileType</key>
			<string>sourcecode.swift</string>
			<key>path</key>
			<string>AppDelegate.swift</string>
			<key>sourceTree</key>
			<string>&lt;group&gt;</string>
		</dict>
		<key>436484AF1DCA150500E6B0A7</key>
		<dict>
			<key>fileRef</key>
			<string>436484AE1DCA150500E6B0A7</string>
			<key>isa</key>
			<string>PBXBuildFile</string>
		</dict>
		<key>436484B01DCA150500E6B0A7</key>
		<dict>
			<key>isa</key>
			<string>PBXFileReference</string>
			<key>lastKnownFileType</key>
			<string>sourcecode.swift</string>
			<key>path</key>
			<string>HomeVC.swift</string>
			<key>sourceTree</key>
			<string>&lt;group&gt;</string>
		</dict>
		<key>436484B11DCA150500E6B0A7</key>
		<dict>
			<key>fileRef</key>
			<string>436484B01DCA150500E6B0A7</string>
			<key>isa</key>
			<string>PBXBuildFile</string>
		</dict>
		<key>436484B21DCA150500E6B0A7</key>
		<dict>
			<key>children</key>
			<array>
				<string>436484B31DCA150500E6B0A7</string>
			</array>
			<key>isa</key>
			<string>PBXVariantGroup</string>
			<key>name</key>
			<string>Main.storyboard</string>
			<key>sourceTree</key>
			<string>&lt;group&gt;</string>
		</dict>
		<key>436484B31DCA150500E6B0A7</key>
		<dict>
			<key>isa</key>
			<string>PBXFileReference</string>
			<key>lastKnownFileType</key>
			<string>file.storyboard</string>
			<key>name</key>
			<string>Base</string>
			<key>path</key>
			<string>Base.lproj/Main.storyboard</string>
			<key>sourceTree</key>
			<string>&lt;group&gt;</string>
		</dict>
		<key>436484B41DCA150500E6B0A7</key>
		<dict>
			<key>fileRef</key>
			<string>436484B21DCA150500E6B0A7</string>
			<key>isa</key>
			<string>PBXBuildFile</string>
		</dict>
		<key>436484B51DCA150500E6B0A7</key>
		<dict>
			<key>isa</key>
			<string>PBXFileReference</string>
			<key>lastKnownFileType</key>
			<string>folder.assetcatalog</string>
			<key>path</key>
			<string>Assets.xcassets</string>
			<key>sourceTree</key>
			<string>&lt;group&gt;</string>
		</dict>
		<key>436484B61DCA150500E6B0A7</key>
		<dict>
			<key>fileRef</key>
			<string>436484B51DCA150500E6B0A7</string>
			<key>isa</key>
			<string>PBXBuildFile</string>
		</dict>
		<key>436484B71DCA150500E6B0A7</key>
		<dict>
			<key>children</key>
			<array>
				<string>436484B81DCA150500E6B0A7</string>
			</array>
			<key>isa</key>
			<string>PBXVariantGroup</string>
			<key>name</key>
			<string>LaunchScreen.storyboard</string>
			<key>sourceTree</key>
			<string>&lt;group&gt;</string>
		</dict>
		<key>436484B81DCA150500E6B0A7</key>
		<dict>
			<key>isa</key>
			<string>PBXFileReference</string>
			<key>lastKnownFileType</key>
			<string>file.storyboard</string>
			<key>name</key>
			<string>Base</string>
			<key>path</key>
			<string>Base.lproj/LaunchScreen.storyboard</string>
			<key>sourceTree</key>
			<string>&lt;group&gt;</string>
		</dict>
		<key>436484B91DCA150500E6B0A7</key>
		<dict>
			<key>fileRef</key>
			<string>436484B71DCA150500E6B0A7</string>
			<key>isa</key>
			<string>PBXBuildFile</string>
		</dict>
		<key>436484BA1DCA150500E6B0A7</key>
		<dict>
			<key>isa</key>
			<string>PBXFileReference</string>
			<key>lastKnownFileType</key>
			<string>text.plist.xml</string>
			<key>path</key>
			<string>Info.plist</string>
			<key>sourceTree</key>
			<string>&lt;group&gt;</string>
		</dict>
		<key>436484BB1DCA150500E6B0A7</key>
		<dict>
			<key>buildActionMask</key>
			<string>2147483647</string>
			<key>files</key>
			<array>
				<string>436484C41DCA150500E6B0A7</string>
			</array>
			<key>isa</key>
			<string>PBXSourcesBuildPhase</string>
			<key>runOnlyForDeploymentPostprocessing</key>
			<string>0</string>
		</dict>
		<key>436484BC1DCA150500E6B0A7</key>
		<dict>
			<key>buildActionMask</key>
			<string>2147483647</string>
			<key>files</key>
			<array/>
			<key>isa</key>
			<string>PBXFrameworksBuildPhase</string>
			<key>runOnlyForDeploymentPostprocessing</key>
			<string>0</string>
		</dict>
		<key>436484BD1DCA150500E6B0A7</key>
		<dict>
			<key>buildActionMask</key>
			<string>2147483647</string>
			<key>files</key>
			<array/>
			<key>isa</key>
			<string>PBXResourcesBuildPhase</string>
			<key>runOnlyForDeploymentPostprocessing</key>
			<string>0</string>
		</dict>
		<key>436484BE1DCA150500E6B0A7</key>
		<dict>
			<key>buildConfigurationList</key>
			<string>436484CB1DCA150500E6B0A7</string>
			<key>buildPhases</key>
			<array>
				<string>063F10638634D64EA8703B1C</string>
				<string>436484BB1DCA150500E6B0A7</string>
				<string>436484BC1DCA150500E6B0A7</string>
				<string>436484BD1DCA150500E6B0A7</string>
				<string>984DC07BF1BF235519A441D5</string>
				<string>9DE4D32A44BCDA89823426F5</string>
			</array>
			<key>buildRules</key>
			<array/>
			<key>dependencies</key>
			<array>
				<string>436484C11DCA150500E6B0A7</string>
			</array>
			<key>isa</key>
			<string>PBXNativeTarget</string>
			<key>name</key>
			<string>Baby TrackerTests</string>
			<key>productName</key>
			<string>Baby TrackerTests</string>
			<key>productReference</key>
			<string>436484BF1DCA150500E6B0A7</string>
			<key>productType</key>
			<string>com.apple.product-type.bundle.unit-test</string>
		</dict>
		<key>436484BF1DCA150500E6B0A7</key>
		<dict>
			<key>explicitFileType</key>
			<string>wrapper.cfbundle</string>
			<key>includeInIndex</key>
			<string>0</string>
			<key>isa</key>
			<string>PBXFileReference</string>
			<key>path</key>
			<string>Baby TrackerTests.xctest</string>
			<key>sourceTree</key>
			<string>BUILT_PRODUCTS_DIR</string>
		</dict>
		<key>436484C01DCA150500E6B0A7</key>
		<dict>
			<key>containerPortal</key>
			<string>436484A31DCA150400E6B0A7</string>
			<key>isa</key>
			<string>PBXContainerItemProxy</string>
			<key>proxyType</key>
			<string>1</string>
			<key>remoteGlobalIDString</key>
			<string>436484AA1DCA150500E6B0A7</string>
			<key>remoteInfo</key>
			<string>Baby Tracker</string>
		</dict>
		<key>436484C11DCA150500E6B0A7</key>
		<dict>
			<key>isa</key>
			<string>PBXTargetDependency</string>
			<key>target</key>
			<string>436484AA1DCA150500E6B0A7</string>
			<key>targetProxy</key>
			<string>436484C01DCA150500E6B0A7</string>
		</dict>
		<key>436484C21DCA150500E6B0A7</key>
		<dict>
			<key>children</key>
			<array>
				<string>436484C31DCA150500E6B0A7</string>
				<string>436484C51DCA150500E6B0A7</string>
			</array>
			<key>isa</key>
			<string>PBXGroup</string>
			<key>path</key>
			<string>Baby TrackerTests</string>
			<key>sourceTree</key>
			<string>&lt;group&gt;</string>
		</dict>
		<key>436484C31DCA150500E6B0A7</key>
		<dict>
			<key>isa</key>
			<string>PBXFileReference</string>
			<key>lastKnownFileType</key>
			<string>sourcecode.swift</string>
			<key>path</key>
			<string>Baby_TrackerTests.swift</string>
			<key>sourceTree</key>
			<string>&lt;group&gt;</string>
		</dict>
		<key>436484C41DCA150500E6B0A7</key>
		<dict>
			<key>fileRef</key>
			<string>436484C31DCA150500E6B0A7</string>
			<key>isa</key>
			<string>PBXBuildFile</string>
		</dict>
		<key>436484C51DCA150500E6B0A7</key>
		<dict>
			<key>isa</key>
			<string>PBXFileReference</string>
			<key>lastKnownFileType</key>
			<string>text.plist.xml</string>
			<key>path</key>
			<string>Info.plist</string>
			<key>sourceTree</key>
			<string>&lt;group&gt;</string>
		</dict>
		<key>436484C61DCA150500E6B0A7</key>
		<dict>
			<key>buildSettings</key>
			<dict>
				<key>ALWAYS_SEARCH_USER_PATHS</key>
				<string>NO</string>
				<key>CLANG_ANALYZER_NONNULL</key>
				<string>YES</string>
				<key>CLANG_CXX_LANGUAGE_STANDARD</key>
				<string>gnu++0x</string>
				<key>CLANG_CXX_LIBRARY</key>
				<string>libc++</string>
				<key>CLANG_ENABLE_MODULES</key>
				<string>YES</string>
				<key>CLANG_ENABLE_OBJC_ARC</key>
				<string>YES</string>
				<key>CLANG_WARN_BOOL_CONVERSION</key>
				<string>YES</string>
				<key>CLANG_WARN_CONSTANT_CONVERSION</key>
				<string>YES</string>
				<key>CLANG_WARN_DIRECT_OBJC_ISA_USAGE</key>
				<string>YES_ERROR</string>
				<key>CLANG_WARN_DOCUMENTATION_COMMENTS</key>
				<string>YES</string>
				<key>CLANG_WARN_EMPTY_BODY</key>
				<string>YES</string>
				<key>CLANG_WARN_ENUM_CONVERSION</key>
				<string>YES</string>
				<key>CLANG_WARN_INFINITE_RECURSION</key>
				<string>YES</string>
				<key>CLANG_WARN_INT_CONVERSION</key>
				<string>YES</string>
				<key>CLANG_WARN_OBJC_ROOT_CLASS</key>
				<string>YES_ERROR</string>
				<key>CLANG_WARN_SUSPICIOUS_MOVES</key>
				<string>YES</string>
				<key>CLANG_WARN_UNREACHABLE_CODE</key>
				<string>YES</string>
				<key>CLANG_WARN__DUPLICATE_METHOD_MATCH</key>
				<string>YES</string>
				<key>CODE_SIGN_IDENTITY[sdk=iphoneos*]</key>
				<string>iPhone Developer</string>
				<key>COPY_PHASE_STRIP</key>
				<string>NO</string>
				<key>DEBUG_INFORMATION_FORMAT</key>
				<string>dwarf</string>
				<key>ENABLE_STRICT_OBJC_MSGSEND</key>
				<string>YES</string>
				<key>ENABLE_TESTABILITY</key>
				<string>YES</string>
				<key>GCC_C_LANGUAGE_STANDARD</key>
				<string>gnu99</string>
				<key>GCC_DYNAMIC_NO_PIC</key>
				<string>NO</string>
				<key>GCC_NO_COMMON_BLOCKS</key>
				<string>YES</string>
				<key>GCC_OPTIMIZATION_LEVEL</key>
				<string>0</string>
				<key>GCC_PREPROCESSOR_DEFINITIONS</key>
				<array>
					<string>DEBUG=1</string>
					<string>$(inherited)</string>
				</array>
				<key>GCC_WARN_64_TO_32_BIT_CONVERSION</key>
				<string>YES</string>
				<key>GCC_WARN_ABOUT_RETURN_TYPE</key>
				<string>YES_ERROR</string>
				<key>GCC_WARN_UNDECLARED_SELECTOR</key>
				<string>YES</string>
				<key>GCC_WARN_UNINITIALIZED_AUTOS</key>
				<string>YES_AGGRESSIVE</string>
				<key>GCC_WARN_UNUSED_FUNCTION</key>
				<string>YES</string>
				<key>GCC_WARN_UNUSED_VARIABLE</key>
				<string>YES</string>
				<key>IPHONEOS_DEPLOYMENT_TARGET</key>
				<string>10.1</string>
				<key>MTL_ENABLE_DEBUG_INFO</key>
				<string>YES</string>
				<key>ONLY_ACTIVE_ARCH</key>
				<string>YES</string>
				<key>SDKROOT</key>
				<string>iphoneos</string>
				<key>SWIFT_ACTIVE_COMPILATION_CONDITIONS</key>
				<string>DEBUG</string>
				<key>SWIFT_OPTIMIZATION_LEVEL</key>
				<string>-Onone</string>
			</dict>
			<key>isa</key>
			<string>XCBuildConfiguration</string>
			<key>name</key>
			<string>Debug</string>
		</dict>
		<key>436484C71DCA150500E6B0A7</key>
		<dict>
			<key>buildSettings</key>
			<dict>
				<key>ALWAYS_SEARCH_USER_PATHS</key>
				<string>NO</string>
				<key>CLANG_ANALYZER_NONNULL</key>
				<string>YES</string>
				<key>CLANG_CXX_LANGUAGE_STANDARD</key>
				<string>gnu++0x</string>
				<key>CLANG_CXX_LIBRARY</key>
				<string>libc++</string>
				<key>CLANG_ENABLE_MODULES</key>
				<string>YES</string>
				<key>CLANG_ENABLE_OBJC_ARC</key>
				<string>YES</string>
				<key>CLANG_WARN_BOOL_CONVERSION</key>
				<string>YES</string>
				<key>CLANG_WARN_CONSTANT_CONVERSION</key>
				<string>YES</string>
				<key>CLANG_WARN_DIRECT_OBJC_ISA_USAGE</key>
				<string>YES_ERROR</string>
				<key>CLANG_WARN_DOCUMENTATION_COMMENTS</key>
				<string>YES</string>
				<key>CLANG_WARN_EMPTY_BODY</key>
				<string>YES</string>
				<key>CLANG_WARN_ENUM_CONVERSION</key>
				<string>YES</string>
				<key>CLANG_WARN_INFINITE_RECURSION</key>
				<string>YES</string>
				<key>CLANG_WARN_INT_CONVERSION</key>
				<string>YES</string>
				<key>CLANG_WARN_OBJC_ROOT_CLASS</key>
				<string>YES_ERROR</string>
				<key>CLANG_WARN_SUSPICIOUS_MOVES</key>
				<string>YES</string>
				<key>CLANG_WARN_UNREACHABLE_CODE</key>
				<string>YES</string>
				<key>CLANG_WARN__DUPLICATE_METHOD_MATCH</key>
				<string>YES</string>
				<key>CODE_SIGN_IDENTITY[sdk=iphoneos*]</key>
				<string>iPhone Developer</string>
				<key>COPY_PHASE_STRIP</key>
				<string>NO</string>
				<key>DEBUG_INFORMATION_FORMAT</key>
				<string>dwarf-with-dsym</string>
				<key>ENABLE_NS_ASSERTIONS</key>
				<string>NO</string>
				<key>ENABLE_STRICT_OBJC_MSGSEND</key>
				<string>YES</string>
				<key>GCC_C_LANGUAGE_STANDARD</key>
				<string>gnu99</string>
				<key>GCC_NO_COMMON_BLOCKS</key>
				<string>YES</string>
				<key>GCC_WARN_64_TO_32_BIT_CONVERSION</key>
				<string>YES</string>
				<key>GCC_WARN_ABOUT_RETURN_TYPE</key>
				<string>YES_ERROR</string>
				<key>GCC_WARN_UNDECLARED_SELECTOR</key>
				<string>YES</string>
				<key>GCC_WARN_UNINITIALIZED_AUTOS</key>
				<string>YES_AGGRESSIVE</string>
				<key>GCC_WARN_UNUSED_FUNCTION</key>
				<string>YES</string>
				<key>GCC_WARN_UNUSED_VARIABLE</key>
				<string>YES</string>
				<key>IPHONEOS_DEPLOYMENT_TARGET</key>
				<string>10.1</string>
				<key>MTL_ENABLE_DEBUG_INFO</key>
				<string>NO</string>
				<key>SDKROOT</key>
				<string>iphoneos</string>
				<key>SWIFT_OPTIMIZATION_LEVEL</key>
				<string>-Owholemodule</string>
				<key>VALIDATE_PRODUCT</key>
				<string>YES</string>
			</dict>
			<key>isa</key>
			<string>XCBuildConfiguration</string>
			<key>name</key>
			<string>Release</string>
		</dict>
		<key>436484C81DCA150500E6B0A7</key>
		<dict>
			<key>buildConfigurations</key>
			<array>
				<string>436484C91DCA150500E6B0A7</string>
				<string>436484CA1DCA150500E6B0A7</string>
			</array>
			<key>defaultConfigurationIsVisible</key>
			<string>0</string>
			<key>defaultConfigurationName</key>
			<string>Release</string>
			<key>isa</key>
			<string>XCConfigurationList</string>
		</dict>
		<key>436484C91DCA150500E6B0A7</key>
		<dict>
			<key>baseConfigurationReference</key>
			<string>F72128F7CB5F28A775078E32</string>
			<key>buildSettings</key>
			<dict>
				<key>ASSETCATALOG_COMPILER_APPICON_NAME</key>
				<string>AppIcon</string>
				<key>DEVELOPMENT_TEAM</key>
				<string>BHYX8VQHQ6</string>
				<key>INFOPLIST_FILE</key>
				<string>Baby Tracker/Info.plist</string>
				<key>LD_RUNPATH_SEARCH_PATHS</key>
				<string>$(inherited) @executable_path/Frameworks</string>
				<key>PRODUCT_BUNDLE_IDENTIFIER</key>
				<string>com.jasonzurita.Baby-Tracker</string>
				<key>PRODUCT_NAME</key>
				<string>$(TARGET_NAME)</string>
				<key>SWIFT_VERSION</key>
				<string>3.0</string>
			</dict>
			<key>isa</key>
			<string>XCBuildConfiguration</string>
			<key>name</key>
			<string>Debug</string>
		</dict>
		<key>436484CA1DCA150500E6B0A7</key>
		<dict>
			<key>baseConfigurationReference</key>
			<string>EB450386D37DE8D496932C13</string>
			<key>buildSettings</key>
			<dict>
				<key>ASSETCATALOG_COMPILER_APPICON_NAME</key>
				<string>AppIcon</string>
				<key>DEVELOPMENT_TEAM</key>
				<string>BHYX8VQHQ6</string>
				<key>INFOPLIST_FILE</key>
				<string>Baby Tracker/Info.plist</string>
				<key>LD_RUNPATH_SEARCH_PATHS</key>
				<string>$(inherited) @executable_path/Frameworks</string>
				<key>PRODUCT_BUNDLE_IDENTIFIER</key>
				<string>com.jasonzurita.Baby-Tracker</string>
				<key>PRODUCT_NAME</key>
				<string>$(TARGET_NAME)</string>
				<key>SWIFT_VERSION</key>
				<string>3.0</string>
			</dict>
			<key>isa</key>
			<string>XCBuildConfiguration</string>
			<key>name</key>
			<string>Release</string>
		</dict>
		<key>436484CB1DCA150500E6B0A7</key>
		<dict>
			<key>buildConfigurations</key>
			<array>
				<string>436484CC1DCA150500E6B0A7</string>
				<string>436484CD1DCA150500E6B0A7</string>
			</array>
			<key>defaultConfigurationIsVisible</key>
			<string>0</string>
			<key>defaultConfigurationName</key>
			<string>Release</string>
			<key>isa</key>
			<string>XCConfigurationList</string>
		</dict>
		<key>436484CC1DCA150500E6B0A7</key>
		<dict>
			<key>buildSettings</key>
			<dict>
				<key>ALWAYS_EMBED_SWIFT_STANDARD_LIBRARIES</key>
				<string>YES</string>
				<key>BUNDLE_LOADER</key>
				<string>$(TEST_HOST)</string>
				<key>DEVELOPMENT_TEAM</key>
				<string>BHYX8VQHQ6</string>
				<key>INFOPLIST_FILE</key>
				<string>Baby TrackerTests/Info.plist</string>
				<key>LD_RUNPATH_SEARCH_PATHS</key>
				<string>$(inherited) @executable_path/Frameworks @loader_path/Frameworks</string>
				<key>PRODUCT_BUNDLE_IDENTIFIER</key>
				<string>com.jasonzurita.Baby-TrackerTests</string>
				<key>PRODUCT_NAME</key>
				<string>$(TARGET_NAME)</string>
				<key>SWIFT_VERSION</key>
				<string>3.0</string>
				<key>TEST_HOST</key>
				<string>$(BUILT_PRODUCTS_DIR)/Baby Tracker.app/Baby Tracker</string>
			</dict>
			<key>isa</key>
			<string>XCBuildConfiguration</string>
			<key>name</key>
			<string>Debug</string>
		</dict>
		<key>436484CD1DCA150500E6B0A7</key>
		<dict>
			<key>buildSettings</key>
			<dict>
				<key>ALWAYS_EMBED_SWIFT_STANDARD_LIBRARIES</key>
				<string>YES</string>
				<key>BUNDLE_LOADER</key>
				<string>$(TEST_HOST)</string>
				<key>DEVELOPMENT_TEAM</key>
				<string>BHYX8VQHQ6</string>
				<key>INFOPLIST_FILE</key>
				<string>Baby TrackerTests/Info.plist</string>
				<key>LD_RUNPATH_SEARCH_PATHS</key>
				<string>$(inherited) @executable_path/Frameworks @loader_path/Frameworks</string>
				<key>PRODUCT_BUNDLE_IDENTIFIER</key>
				<string>com.jasonzurita.Baby-TrackerTests</string>
				<key>PRODUCT_NAME</key>
				<string>$(TARGET_NAME)</string>
				<key>SWIFT_VERSION</key>
				<string>3.0</string>
				<key>TEST_HOST</key>
				<string>$(BUILT_PRODUCTS_DIR)/Baby Tracker.app/Baby Tracker</string>
			</dict>
			<key>isa</key>
			<string>XCBuildConfiguration</string>
			<key>name</key>
			<string>Release</string>
		</dict>
		<key>436484CE1DCA15E500E6B0A7</key>
		<dict>
			<key>children</key>
			<array>
				<string>436484D61DCA198A00E6B0A7</string>
			</array>
			<key>isa</key>
			<string>PBXGroup</string>
			<key>name</key>
			<string>Views</string>
			<key>sourceTree</key>
			<string>&lt;group&gt;</string>
		</dict>
		<key>436484CF1DCA160400E6B0A7</key>
		<dict>
			<key>fileEncoding</key>
			<string>4</string>
			<key>isa</key>
			<string>PBXFileReference</string>
			<key>lastKnownFileType</key>
			<string>file.xib</string>
			<key>path</key>
			<string>Tile.xib</string>
			<key>sourceTree</key>
			<string>&lt;group&gt;</string>
		</dict>
		<key>436484D01DCA160400E6B0A7</key>
		<dict>
			<key>fileRef</key>
			<string>436484CF1DCA160400E6B0A7</string>
			<key>isa</key>
			<string>PBXBuildFile</string>
		</dict>
		<key>436484D31DCA183700E6B0A7</key>
		<dict>
			<key>children</key>
			<array>
				<string>436484B01DCA150500E6B0A7</string>
				<string>437814C71DDD1B330047D11A</string>
				<string>437814CC1DDD1BA60047D11A</string>
			</array>
			<key>isa</key>
			<string>PBXGroup</string>
			<key>name</key>
			<string>View Controllers</string>
			<key>sourceTree</key>
			<string>&lt;group&gt;</string>
		</dict>
		<key>436484D41DCA186A00E6B0A7</key>
		<dict>
			<key>children</key>
			<array>
				<string>436484B51DCA150500E6B0A7</string>
				<string>436484BA1DCA150500E6B0A7</string>
				<string>430FD7441DE484EC00D07C50</string>
			</array>
			<key>isa</key>
			<string>PBXGroup</string>
			<key>name</key>
			<string>Support</string>
			<key>sourceTree</key>
			<string>&lt;group&gt;</string>
		</dict>
		<key>436484D51DCA188B00E6B0A7</key>
		<dict>
			<key>children</key>
			<array>
				<string>436484B21DCA150500E6B0A7</string>
				<string>436484B71DCA150500E6B0A7</string>
			</array>
			<key>isa</key>
			<string>PBXGroup</string>
			<key>name</key>
			<string>Story Boards</string>
			<key>sourceTree</key>
			<string>&lt;group&gt;</string>
		</dict>
		<key>436484D61DCA198A00E6B0A7</key>
		<dict>
			<key>children</key>
			<array>
				<string>43503C3D1DD35DAC00C6424E</string>
				<string>436484CF1DCA160400E6B0A7</string>
			</array>
			<key>isa</key>
			<string>PBXGroup</string>
			<key>name</key>
			<string>Tile</string>
			<key>sourceTree</key>
			<string>&lt;group&gt;</string>
		</dict>
		<key>437814C71DDD1B330047D11A</key>
		<dict>
			<key>children</key>
			<array>
				<string>43D2BE631DCB684800895A65</string>
				<string>43D2BE641DCB684800895A65</string>
			</array>
			<key>isa</key>
			<string>PBXGroup</string>
			<key>name</key>
			<string>Feeding</string>
			<key>sourceTree</key>
			<string>&lt;group&gt;</string>
		</dict>
		<key>437814C81DDD1B9D0047D11A</key>
		<dict>
			<key>fileEncoding</key>
			<string>4</string>
			<key>isa</key>
			<string>PBXFileReference</string>
			<key>lastKnownFileType</key>
			<string>sourcecode.swift</string>
			<key>path</key>
			<string>SignInVC.swift</string>
			<key>sourceTree</key>
			<string>&lt;group&gt;</string>
		</dict>
		<key>437814C91DDD1B9D0047D11A</key>
		<dict>
			<key>fileEncoding</key>
			<string>4</string>
			<key>isa</key>
			<string>PBXFileReference</string>
			<key>lastKnownFileType</key>
			<string>file.xib</string>
			<key>path</key>
			<string>SignInVC.xib</string>
			<key>sourceTree</key>
			<string>&lt;group&gt;</string>
		</dict>
		<key>437814CA1DDD1B9D0047D11A</key>
		<dict>
			<key>fileRef</key>
			<string>437814C81DDD1B9D0047D11A</string>
			<key>isa</key>
			<string>PBXBuildFile</string>
		</dict>
		<key>437814CB1DDD1B9D0047D11A</key>
		<dict>
			<key>fileRef</key>
			<string>437814C91DDD1B9D0047D11A</string>
			<key>isa</key>
			<string>PBXBuildFile</string>
		</dict>
		<key>437814CC1DDD1BA60047D11A</key>
		<dict>
			<key>children</key>
			<array>
				<string>437814C81DDD1B9D0047D11A</string>
				<string>437814C91DDD1B9D0047D11A</string>
			</array>
			<key>isa</key>
			<string>PBXGroup</string>
			<key>name</key>
			<string>Login or Signup</string>
			<key>sourceTree</key>
			<string>&lt;group&gt;</string>
		</dict>
		<key>43AAB5D81DCCB7D5004CEB7B</key>
		<dict>
			<key>fileEncoding</key>
			<string>4</string>
			<key>isa</key>
			<string>PBXFileReference</string>
			<key>lastKnownFileType</key>
			<string>sourcecode.swift</string>
			<key>path</key>
			<string>FeedEvent.swift</string>
			<key>sourceTree</key>
			<string>&lt;group&gt;</string>
		</dict>
		<key>43AAB5D91DCCB7D5004CEB7B</key>
		<dict>
			<key>fileRef</key>
			<string>43AAB5D81DCCB7D5004CEB7B</string>
			<key>isa</key>
			<string>PBXBuildFile</string>
		</dict>
		<key>43AAB5DA1DCCB892004CEB7B</key>
		<dict>
			<key>fileEncoding</key>
			<string>4</string>
			<key>isa</key>
			<string>PBXFileReference</string>
			<key>lastKnownFileType</key>
			<string>sourcecode.swift</string>
			<key>path</key>
			<string>FoodRecord.swift</string>
			<key>sourceTree</key>
			<string>&lt;group&gt;</string>
		</dict>
		<key>43AAB5DB1DCCB892004CEB7B</key>
		<dict>
			<key>fileRef</key>
			<string>43AAB5DA1DCCB892004CEB7B</string>
			<key>isa</key>
			<string>PBXBuildFile</string>
		</dict>
		<key>43D2BE631DCB684800895A65</key>
		<dict>
			<key>fileEncoding</key>
			<string>4</string>
			<key>isa</key>
			<string>PBXFileReference</string>
			<key>lastKnownFileType</key>
			<string>sourcecode.swift</string>
			<key>path</key>
			<string>FeedingVC.swift</string>
			<key>sourceTree</key>
			<string>&lt;group&gt;</string>
		</dict>
		<key>43D2BE641DCB684800895A65</key>
		<dict>
			<key>fileEncoding</key>
			<string>4</string>
			<key>isa</key>
			<string>PBXFileReference</string>
			<key>lastKnownFileType</key>
			<string>file.xib</string>
			<key>path</key>
			<string>FeedingVC.xib</string>
			<key>sourceTree</key>
			<string>&lt;group&gt;</string>
		</dict>
		<key>43D2BE651DCB684800895A65</key>
		<dict>
			<key>fileRef</key>
			<string>43D2BE631DCB684800895A65</string>
			<key>isa</key>
			<string>PBXBuildFile</string>
		</dict>
		<key>43D2BE661DCB684800895A65</key>
		<dict>
			<key>fileRef</key>
			<string>43D2BE641DCB684800895A65</string>
			<key>isa</key>
			<string>PBXBuildFile</string>
		</dict>
		<key>43D2BE671DCB69E900895A65</key>
		<dict>
			<key>children</key>
			<array>
				<string>43AAB5DA1DCCB892004CEB7B</string>
				<string>43AAB5D81DCCB7D5004CEB7B</string>
				<string>43FCAA841DD0BC70003872BA</string>
			</array>
			<key>isa</key>
			<string>PBXGroup</string>
			<key>name</key>
			<string>Model</string>
			<key>sourceTree</key>
			<string>&lt;group&gt;</string>
		</dict>
		<key>43FCAA841DD0BC70003872BA</key>
		<dict>
			<key>fileEncoding</key>
			<string>4</string>
			<key>isa</key>
			<string>PBXFileReference</string>
			<key>lastKnownFileType</key>
			<string>sourcecode.swift</string>
			<key>path</key>
			<string>Profile.swift</string>
			<key>sourceTree</key>
			<string>&lt;group&gt;</string>
		</dict>
		<key>43FCAA851DD0BC70003872BA</key>
		<dict>
			<key>fileRef</key>
			<string>43FCAA841DD0BC70003872BA</string>
			<key>isa</key>
			<string>PBXBuildFile</string>
		</dict>
		<key>54770791F4753F9D34E04B8C</key>
		<dict>
			<key>buildActionMask</key>
			<string>2147483647</string>
			<key>files</key>
			<array/>
			<key>inputPaths</key>
			<array/>
			<key>isa</key>
			<string>PBXShellScriptBuildPhase</string>
			<key>name</key>
			<string>[CP] Embed Pods Frameworks</string>
			<key>outputPaths</key>
			<array/>
			<key>runOnlyForDeploymentPostprocessing</key>
			<string>0</string>
			<key>shellPath</key>
			<string>/bin/sh</string>
			<key>shellScript</key>
			<string>"${SRCROOT}/Pods/Target Support Files/Pods-Baby Tracker/Pods-Baby Tracker-frameworks.sh"
</string>
			<key>showEnvVarsInLog</key>
			<string>0</string>
		</dict>
		<key>984DC07BF1BF235519A441D5</key>
		<dict>
			<key>buildActionMask</key>
			<string>2147483647</string>
			<key>files</key>
			<array/>
			<key>inputPaths</key>
			<array/>
			<key>isa</key>
			<string>PBXShellScriptBuildPhase</string>
			<key>name</key>
			<string>[CP] Embed Pods Frameworks</string>
			<key>outputPaths</key>
			<array/>
			<key>runOnlyForDeploymentPostprocessing</key>
			<string>0</string>
			<key>shellPath</key>
			<string>/bin/sh</string>
			<key>shellScript</key>
			<string>"${SRCROOT}/Pods/Target Support Files/Pods-Baby TrackerTests/Pods-Baby TrackerTests-frameworks.sh"
</string>
			<key>showEnvVarsInLog</key>
			<string>0</string>
		</dict>
		<key>9DE4D32A44BCDA89823426F5</key>
		<dict>
			<key>buildActionMask</key>
			<string>2147483647</string>
			<key>files</key>
			<array/>
			<key>inputPaths</key>
			<array/>
			<key>isa</key>
			<string>PBXShellScriptBuildPhase</string>
			<key>name</key>
			<string>[CP] Copy Pods Resources</string>
			<key>outputPaths</key>
			<array/>
			<key>runOnlyForDeploymentPostprocessing</key>
			<string>0</string>
			<key>shellPath</key>
			<string>/bin/sh</string>
			<key>shellScript</key>
			<string>"${SRCROOT}/Pods/Target Support Files/Pods-Baby TrackerTests/Pods-Baby TrackerTests-resources.sh"
</string>
			<key>showEnvVarsInLog</key>
			<string>0</string>
		</dict>
		<key>C9E049A3AB031F05B25929A5</key>
		<dict>
			<key>children</key>
			<array>
				<string>F72128F7CB5F28A775078E32</string>
				<string>EB450386D37DE8D496932C13</string>
			</array>
			<key>isa</key>
			<string>PBXGroup</string>
			<key>name</key>
			<string>Pods</string>
			<key>sourceTree</key>
			<string>&lt;group&gt;</string>
		</dict>
		<key>DA42E7856FB58D2B877C484F</key>
		<dict>
			<key>explicitFileType</key>
			<string>wrapper.framework</string>
			<key>includeInIndex</key>
			<string>0</string>
			<key>isa</key>
			<string>PBXFileReference</string>
			<key>path</key>
			<string>Pods_Baby_TrackerTests.framework</string>
			<key>sourceTree</key>
			<string>BUILT_PRODUCTS_DIR</string>
		</dict>
		<key>E6E2429A0B036BEAA14B2AB7</key>
		<dict>
			<key>children</key>
			<array>
				<string>432A4696F48DC53EEB5697CE</string>
				<string>DA42E7856FB58D2B877C484F</string>
			</array>
			<key>isa</key>
			<string>PBXGroup</string>
			<key>name</key>
			<string>Frameworks</string>
			<key>sourceTree</key>
			<string>&lt;group&gt;</string>
		</dict>
		<key>EB0A052C8BAB51093738E988</key>
		<dict>
			<key>buildActionMask</key>
			<string>2147483647</string>
			<key>files</key>
			<array/>
			<key>inputPaths</key>
			<array/>
			<key>isa</key>
			<string>PBXShellScriptBuildPhase</string>
			<key>name</key>
			<string>[CP] Copy Pods Resources</string>
			<key>outputPaths</key>
			<array/>
			<key>runOnlyForDeploymentPostprocessing</key>
			<string>0</string>
			<key>shellPath</key>
			<string>/bin/sh</string>
			<key>shellScript</key>
			<string>"${SRCROOT}/Pods/Target Support Files/Pods-Baby Tracker/Pods-Baby Tracker-resources.sh"
</string>
			<key>showEnvVarsInLog</key>
			<string>0</string>
		</dict>
		<key>EB450386D37DE8D496932C13</key>
		<dict>
			<key>includeInIndex</key>
			<string>1</string>
			<key>isa</key>
			<string>PBXFileReference</string>
			<key>lastKnownFileType</key>
			<string>text.xcconfig</string>
			<key>name</key>
			<string>Pods-Baby Tracker.release.xcconfig</string>
			<key>path</key>
			<string>Pods/Target Support Files/Pods-Baby Tracker/Pods-Baby Tracker.release.xcconfig</string>
			<key>sourceTree</key>
			<string>&lt;group&gt;</string>
		</dict>
		<key>F72128F7CB5F28A775078E32</key>
		<dict>
			<key>includeInIndex</key>
			<string>1</string>
			<key>isa</key>
			<string>PBXFileReference</string>
			<key>lastKnownFileType</key>
			<string>text.xcconfig</string>
			<key>name</key>
			<string>Pods-Baby Tracker.debug.xcconfig</string>
			<key>path</key>
			<string>Pods/Target Support Files/Pods-Baby Tracker/Pods-Baby Tracker.debug.xcconfig</string>
			<key>sourceTree</key>
			<string>&lt;group&gt;</string>
		</dict>
		<key>F98E26E6EAD0764B1E7D37D6</key>
		<dict>
			<key>buildActionMask</key>
			<string>2147483647</string>
			<key>files</key>
			<array/>
			<key>inputPaths</key>
			<array/>
			<key>isa</key>
			<string>PBXShellScriptBuildPhase</string>
			<key>name</key>
			<string>[CP] Check Pods Manifest.lock</string>
			<key>outputPaths</key>
			<array/>
			<key>runOnlyForDeploymentPostprocessing</key>
			<string>0</string>
			<key>shellPath</key>
			<string>/bin/sh</string>
			<key>shellScript</key>
			<string>diff "${PODS_ROOT}/../Podfile.lock" "${PODS_ROOT}/Manifest.lock" &gt; /dev/null
if [[ $? != 0 ]] ; then
    cat &lt;&lt; EOM
error: The sandbox is not in sync with the Podfile.lock. Run 'pod install' or update your CocoaPods installation.
EOM
    exit 1
fi
</string>
			<key>showEnvVarsInLog</key>
			<string>0</string>
		</dict>
	</dict>
	<key>rootObject</key>
	<string>436484A31DCA150400E6B0A7</string>
</dict>
</plist>
