// !$*UTF8*$!
{
	archiveVersion = 1;
	classes = {
	};
	objectVersion = 46;
	objects = {

/* Begin PBXBuildFile section */
		02173C36F355DC9389294DE7 /* Pods_Baby_Tracker.framework in Frameworks */ = {isa = PBXBuildFile; fileRef = 432A4696F48DC53EEB5697CE /* Pods_Baby_Tracker.framework */; };
		430FD7451DE484EC00D07C50 /* Constants.swift in Sources */ = {isa = PBXBuildFile; fileRef = 430FD7441DE484EC00D07C50 /* Constants.swift */; };
		4314DD561DFB6D7500B3649C /* FeedingFacade.swift in Sources */ = {isa = PBXBuildFile; fileRef = 4314DD551DFB6D7500B3649C /* FeedingFacade.swift */; };
		4314DD581DFB6DE300B3649C /* Enums.swift in Sources */ = {isa = PBXBuildFile; fileRef = 4314DD571DFB6DE300B3649C /* Enums.swift */; };
		4330FB481DEDCF2300737A7F /* Extensions.swift in Sources */ = {isa = PBXBuildFile; fileRef = 4330FB471DEDCF2300737A7F /* Extensions.swift */; };
		4330FB571DF1B41600737A7F /* Nursing.swift in Sources */ = {isa = PBXBuildFile; fileRef = 4330FB561DF1B41600737A7F /* Nursing.swift */; };
		4330FB591DF1B42100737A7F /* NursingEvent.swift in Sources */ = {isa = PBXBuildFile; fileRef = 4330FB581DF1B42100737A7F /* NursingEvent.swift */; };
		4330FB5B1DF1B4A300737A7F /* FirebaseFacade.swift in Sources */ = {isa = PBXBuildFile; fileRef = 4330FB5A1DF1B4A300737A7F /* FirebaseFacade.swift */; };
		43503C3E1DD35DAC00C6424E /* Tile.swift in Sources */ = {isa = PBXBuildFile; fileRef = 43503C3D1DD35DAC00C6424E /* Tile.swift */; };
		436484AF1DCA150500E6B0A7 /* AppDelegate.swift in Sources */ = {isa = PBXBuildFile; fileRef = 436484AE1DCA150500E6B0A7 /* AppDelegate.swift */; };
		436484B11DCA150500E6B0A7 /* HomeVC.swift in Sources */ = {isa = PBXBuildFile; fileRef = 436484B01DCA150500E6B0A7 /* HomeVC.swift */; };
		436484B41DCA150500E6B0A7 /* Main.storyboard in Resources */ = {isa = PBXBuildFile; fileRef = 436484B21DCA150500E6B0A7 /* Main.storyboard */; };
		436484B61DCA150500E6B0A7 /* Assets.xcassets in Resources */ = {isa = PBXBuildFile; fileRef = 436484B51DCA150500E6B0A7 /* Assets.xcassets */; };
		436484B91DCA150500E6B0A7 /* LaunchScreen.storyboard in Resources */ = {isa = PBXBuildFile; fileRef = 436484B71DCA150500E6B0A7 /* LaunchScreen.storyboard */; };
		436484C41DCA150500E6B0A7 /* Baby_TrackerTests.swift in Sources */ = {isa = PBXBuildFile; fileRef = 436484C31DCA150500E6B0A7 /* Baby_TrackerTests.swift */; };
		436484D01DCA160400E6B0A7 /* Tile.xib in Resources */ = {isa = PBXBuildFile; fileRef = 436484CF1DCA160400E6B0A7 /* Tile.xib */; };
		437814CA1DDD1B9D0047D11A /* SignInVC.swift in Sources */ = {isa = PBXBuildFile; fileRef = 437814C81DDD1B9D0047D11A /* SignInVC.swift */; };
		43D2BE651DCB684800895A65 /* FeedingVC.swift in Sources */ = {isa = PBXBuildFile; fileRef = 43D2BE631DCB684800895A65 /* FeedingVC.swift */; };
		43F4FADD1DF7030B005510D4 /* FeedingControl.swift in Sources */ = {isa = PBXBuildFile; fileRef = 43F4FADC1DF7030B005510D4 /* FeedingControl.swift */; };
		43F4FADF1DF70317005510D4 /* FeedingControl.xib in Resources */ = {isa = PBXBuildFile; fileRef = 43F4FADE1DF70317005510D4 /* FeedingControl.xib */; };
		43F4FAE11DF8CD01005510D4 /* SettingsVC.swift in Sources */ = {isa = PBXBuildFile; fileRef = 43F4FAE01DF8CD01005510D4 /* SettingsVC.swift */; };
		43FCAA851DD0BC70003872BA /* Profile.swift in Sources */ = {isa = PBXBuildFile; fileRef = 43FCAA841DD0BC70003872BA /* Profile.swift */; };
		ACFDDFAD1DE6649F0074C25B /* GoogleService-Info.plist in Resources */ = {isa = PBXBuildFile; fileRef = ACFDDFAC1DE6649F0074C25B /* GoogleService-Info.plist */; };
/* End PBXBuildFile section */

/* Begin PBXContainerItemProxy section */
		436484C01DCA150500E6B0A7 /* PBXContainerItemProxy */ = {
			isa = PBXContainerItemProxy;
			containerPortal = 436484A31DCA150400E6B0A7 /* Project object */;
			proxyType = 1;
			remoteGlobalIDString = 436484AA1DCA150500E6B0A7;
			remoteInfo = "Baby Tracker";
		};
/* End PBXContainerItemProxy section */

/* Begin PBXFileReference section */
		430FD7441DE484EC00D07C50 /* Constants.swift */ = {isa = PBXFileReference; fileEncoding = 4; lastKnownFileType = sourcecode.swift; path = Constants.swift; sourceTree = "<group>"; };
		4314DD541DFB37D700B3649C /* Baby Tracker.entitlements */ = {isa = PBXFileReference; lastKnownFileType = text.plist.entitlements; path = "Baby Tracker.entitlements"; sourceTree = "<group>"; };
		4314DD551DFB6D7500B3649C /* FeedingFacade.swift */ = {isa = PBXFileReference; fileEncoding = 4; lastKnownFileType = sourcecode.swift; path = FeedingFacade.swift; sourceTree = "<group>"; };
		4314DD571DFB6DE300B3649C /* Enums.swift */ = {isa = PBXFileReference; fileEncoding = 4; lastKnownFileType = sourcecode.swift; path = Enums.swift; sourceTree = "<group>"; };
		432A4696F48DC53EEB5697CE /* Pods_Baby_Tracker.framework */ = {isa = PBXFileReference; explicitFileType = wrapper.framework; includeInIndex = 0; path = Pods_Baby_Tracker.framework; sourceTree = BUILT_PRODUCTS_DIR; };
		4330FB471DEDCF2300737A7F /* Extensions.swift */ = {isa = PBXFileReference; fileEncoding = 4; lastKnownFileType = sourcecode.swift; path = Extensions.swift; sourceTree = "<group>"; };
		4330FB561DF1B41600737A7F /* Nursing.swift */ = {isa = PBXFileReference; fileEncoding = 4; lastKnownFileType = sourcecode.swift; path = Nursing.swift; sourceTree = "<group>"; };
		4330FB581DF1B42100737A7F /* NursingEvent.swift */ = {isa = PBXFileReference; fileEncoding = 4; lastKnownFileType = sourcecode.swift; path = NursingEvent.swift; sourceTree = "<group>"; };
		4330FB5A1DF1B4A300737A7F /* FirebaseFacade.swift */ = {isa = PBXFileReference; fileEncoding = 4; lastKnownFileType = sourcecode.swift; path = FirebaseFacade.swift; sourceTree = "<group>"; };
		43503C3D1DD35DAC00C6424E /* Tile.swift */ = {isa = PBXFileReference; fileEncoding = 4; lastKnownFileType = sourcecode.swift; path = Tile.swift; sourceTree = "<group>"; };
		436484AB1DCA150500E6B0A7 /* Baby Tracker.app */ = {isa = PBXFileReference; explicitFileType = wrapper.application; includeInIndex = 0; path = "Baby Tracker.app"; sourceTree = BUILT_PRODUCTS_DIR; };
		436484AE1DCA150500E6B0A7 /* AppDelegate.swift */ = {isa = PBXFileReference; lastKnownFileType = sourcecode.swift; path = AppDelegate.swift; sourceTree = "<group>"; };
		436484B01DCA150500E6B0A7 /* HomeVC.swift */ = {isa = PBXFileReference; lastKnownFileType = sourcecode.swift; path = HomeVC.swift; sourceTree = "<group>"; };
		436484B31DCA150500E6B0A7 /* Base */ = {isa = PBXFileReference; lastKnownFileType = file.storyboard; name = Base; path = Base.lproj/Main.storyboard; sourceTree = "<group>"; };
		436484B51DCA150500E6B0A7 /* Assets.xcassets */ = {isa = PBXFileReference; lastKnownFileType = folder.assetcatalog; name = Assets.xcassets; path = "/Users/jasonzurita/Documents/babytracker/Baby Tracker/Assets.xcassets"; sourceTree = "<absolute>"; };
		436484B81DCA150500E6B0A7 /* Base */ = {isa = PBXFileReference; lastKnownFileType = file.storyboard; name = Base; path = Base.lproj/LaunchScreen.storyboard; sourceTree = "<group>"; };
		436484BA1DCA150500E6B0A7 /* Info.plist */ = {isa = PBXFileReference; lastKnownFileType = text.plist.xml; path = Info.plist; sourceTree = "<group>"; };
		436484BF1DCA150500E6B0A7 /* Baby TrackerTests.xctest */ = {isa = PBXFileReference; explicitFileType = wrapper.cfbundle; includeInIndex = 0; path = "Baby TrackerTests.xctest"; sourceTree = BUILT_PRODUCTS_DIR; };
		436484C31DCA150500E6B0A7 /* Baby_TrackerTests.swift */ = {isa = PBXFileReference; lastKnownFileType = sourcecode.swift; path = Baby_TrackerTests.swift; sourceTree = "<group>"; };
		436484C51DCA150500E6B0A7 /* Info.plist */ = {isa = PBXFileReference; lastKnownFileType = text.plist.xml; path = Info.plist; sourceTree = "<group>"; };
		436484CF1DCA160400E6B0A7 /* Tile.xib */ = {isa = PBXFileReference; fileEncoding = 4; lastKnownFileType = file.xib; path = Tile.xib; sourceTree = "<group>"; };
		437814C81DDD1B9D0047D11A /* SignInVC.swift */ = {isa = PBXFileReference; fileEncoding = 4; lastKnownFileType = sourcecode.swift; path = SignInVC.swift; sourceTree = "<group>"; };
		43D2BE631DCB684800895A65 /* FeedingVC.swift */ = {isa = PBXFileReference; fileEncoding = 4; lastKnownFileType = sourcecode.swift; path = FeedingVC.swift; sourceTree = "<group>"; };
		43F4FADC1DF7030B005510D4 /* FeedingControl.swift */ = {isa = PBXFileReference; fileEncoding = 4; lastKnownFileType = sourcecode.swift; path = FeedingControl.swift; sourceTree = "<group>"; };
		43F4FADE1DF70317005510D4 /* FeedingControl.xib */ = {isa = PBXFileReference; fileEncoding = 4; lastKnownFileType = file.xib; path = FeedingControl.xib; sourceTree = "<group>"; };
		43F4FAE01DF8CD01005510D4 /* SettingsVC.swift */ = {isa = PBXFileReference; fileEncoding = 4; lastKnownFileType = sourcecode.swift; path = SettingsVC.swift; sourceTree = "<group>"; };
		43FCAA841DD0BC70003872BA /* Profile.swift */ = {isa = PBXFileReference; fileEncoding = 4; lastKnownFileType = sourcecode.swift; path = Profile.swift; sourceTree = "<group>"; };
		ACFDDFAC1DE6649F0074C25B /* GoogleService-Info.plist */ = {isa = PBXFileReference; fileEncoding = 4; lastKnownFileType = text.plist.xml; path = "GoogleService-Info.plist"; sourceTree = "<group>"; };
		DA42E7856FB58D2B877C484F /* Pods_Baby_TrackerTests.framework */ = {isa = PBXFileReference; explicitFileType = wrapper.framework; includeInIndex = 0; path = Pods_Baby_TrackerTests.framework; sourceTree = BUILT_PRODUCTS_DIR; };
		EB450386D37DE8D496932C13 /* Pods-Baby Tracker.release.xcconfig */ = {isa = PBXFileReference; includeInIndex = 1; lastKnownFileType = text.xcconfig; name = "Pods-Baby Tracker.release.xcconfig"; path = "Pods/Target Support Files/Pods-Baby Tracker/Pods-Baby Tracker.release.xcconfig"; sourceTree = "<group>"; };
		F72128F7CB5F28A775078E32 /* Pods-Baby Tracker.debug.xcconfig */ = {isa = PBXFileReference; includeInIndex = 1; lastKnownFileType = text.xcconfig; name = "Pods-Baby Tracker.debug.xcconfig"; path = "Pods/Target Support Files/Pods-Baby Tracker/Pods-Baby Tracker.debug.xcconfig"; sourceTree = "<group>"; };
/* End PBXFileReference section */

/* Begin PBXFrameworksBuildPhase section */
		436484A81DCA150500E6B0A7 /* Frameworks */ = {
			isa = PBXFrameworksBuildPhase;
			buildActionMask = 2147483647;
			files = (
				02173C36F355DC9389294DE7 /* Pods_Baby_Tracker.framework in Frameworks */,
			);
			runOnlyForDeploymentPostprocessing = 0;
		};
		436484BC1DCA150500E6B0A7 /* Frameworks */ = {
			isa = PBXFrameworksBuildPhase;
			buildActionMask = 2147483647;
			files = (
			);
			runOnlyForDeploymentPostprocessing = 0;
		};
/* End PBXFrameworksBuildPhase section */

/* Begin PBXGroup section */
		4330FB501DF1B27000737A7F /* Services */ = {
			isa = PBXGroup;
			children = (
				4314DD551DFB6D7500B3649C /* FeedingFacade.swift */,
			);
			name = Services;
			sourceTree = "<group>";
		};
		4330FB531DF1B3D400737A7F /* Nursing */ = {
			isa = PBXGroup;
			children = (
				4330FB561DF1B41600737A7F /* Nursing.swift */,
				4330FB581DF1B42100737A7F /* NursingEvent.swift */,
			);
			name = Nursing;
			sourceTree = "<group>";
		};
		4330FB541DF1B3DA00737A7F /* Pumping */ = {
			isa = PBXGroup;
			children = (
			);
			name = Pumping;
			sourceTree = "<group>";
		};
		4330FB551DF1B3E600737A7F /* Bottle */ = {
			isa = PBXGroup;
			children = (
			);
			name = Bottle;
			sourceTree = "<group>";
		};
		436484A21DCA150400E6B0A7 = {
			isa = PBXGroup;
			children = (
				436484AD1DCA150500E6B0A7 /* Baby Tracker */,
				436484C21DCA150500E6B0A7 /* Baby TrackerTests */,
				436484AC1DCA150500E6B0A7 /* Products */,
				C9E049A3AB031F05B25929A5 /* Pods */,
				E6E2429A0B036BEAA14B2AB7 /* Frameworks */,
			);
			sourceTree = "<group>";
		};
		436484AC1DCA150500E6B0A7 /* Products */ = {
			isa = PBXGroup;
			children = (
				436484AB1DCA150500E6B0A7 /* Baby Tracker.app */,
				436484BF1DCA150500E6B0A7 /* Baby TrackerTests.xctest */,
			);
			name = Products;
			sourceTree = "<group>";
		};
		436484AD1DCA150500E6B0A7 /* Baby Tracker */ = {
			isa = PBXGroup;
			children = (
				4314DD541DFB37D700B3649C /* Baby Tracker.entitlements */,
				436484AE1DCA150500E6B0A7 /* AppDelegate.swift */,
				436484D41DCA186A00E6B0A7 /* Support */,
				436484D51DCA188B00E6B0A7 /* Storyboards */,
				4330FB501DF1B27000737A7F /* Services */,
				43D2BE671DCB69E900895A65 /* Model */,
				436484D31DCA183700E6B0A7 /* View Controllers */,
				436484CE1DCA15E500E6B0A7 /* Views */,
			);
			path = "Baby Tracker";
			sourceTree = "<group>";
		};
		436484C21DCA150500E6B0A7 /* Baby TrackerTests */ = {
			isa = PBXGroup;
			children = (
				436484C31DCA150500E6B0A7 /* Baby_TrackerTests.swift */,
				436484C51DCA150500E6B0A7 /* Info.plist */,
			);
			path = "Baby TrackerTests";
			sourceTree = "<group>";
		};
		436484CE1DCA15E500E6B0A7 /* Views */ = {
			isa = PBXGroup;
			children = (
				43F4FADB1DF702E1005510D4 /* FeedingControl */,
				436484D61DCA198A00E6B0A7 /* Tile */,
			);
			name = Views;
			sourceTree = "<group>";
		};
		436484D31DCA183700E6B0A7 /* View Controllers */ = {
			isa = PBXGroup;
			children = (
				437814C81DDD1B9D0047D11A /* SignInVC.swift */,
				436484B01DCA150500E6B0A7 /* HomeVC.swift */,
				43D2BE631DCB684800895A65 /* FeedingVC.swift */,
				43F4FAE01DF8CD01005510D4 /* SettingsVC.swift */,
			);
			name = "View Controllers";
			sourceTree = "<group>";
		};
		436484D41DCA186A00E6B0A7 /* Support */ = {
			isa = PBXGroup;
			children = (
				ACFDDFAC1DE6649F0074C25B /* GoogleService-Info.plist */,
				436484B51DCA150500E6B0A7 /* Assets.xcassets */,
				436484BA1DCA150500E6B0A7 /* Info.plist */,
				430FD7441DE484EC00D07C50 /* Constants.swift */,
				4330FB471DEDCF2300737A7F /* Extensions.swift */,
				4314DD571DFB6DE300B3649C /* Enums.swift */,
			);
			name = Support;
			sourceTree = "<group>";
		};
		436484D51DCA188B00E6B0A7 /* Storyboards */ = {
			isa = PBXGroup;
			children = (
				436484B21DCA150500E6B0A7 /* Main.storyboard */,
				436484B71DCA150500E6B0A7 /* LaunchScreen.storyboard */,
			);
			name = Storyboards;
			sourceTree = "<group>";
		};
		436484D61DCA198A00E6B0A7 /* Tile */ = {
			isa = PBXGroup;
			children = (
				43503C3D1DD35DAC00C6424E /* Tile.swift */,
				436484CF1DCA160400E6B0A7 /* Tile.xib */,
			);
			name = Tile;
			sourceTree = "<group>";
		};
		43D2BE671DCB69E900895A65 /* Model */ = {
			isa = PBXGroup;
			children = (
				4330FB5A1DF1B4A300737A7F /* FirebaseFacade.swift */,
				43FCAA841DD0BC70003872BA /* Profile.swift */,
				4330FB551DF1B3E600737A7F /* Bottle */,
				4330FB541DF1B3DA00737A7F /* Pumping */,
				4330FB531DF1B3D400737A7F /* Nursing */,
			);
			name = Model;
			sourceTree = "<group>";
		};
		43F4FADB1DF702E1005510D4 /* FeedingControl */ = {
			isa = PBXGroup;
			children = (
				43F4FADC1DF7030B005510D4 /* FeedingControl.swift */,
				43F4FADE1DF70317005510D4 /* FeedingControl.xib */,
			);
			name = FeedingControl;
			sourceTree = "<group>";
		};
		C9E049A3AB031F05B25929A5 /* Pods */ = {
			isa = PBXGroup;
			children = (
				F72128F7CB5F28A775078E32 /* Pods-Baby Tracker.debug.xcconfig */,
				EB450386D37DE8D496932C13 /* Pods-Baby Tracker.release.xcconfig */,
			);
			name = Pods;
			sourceTree = "<group>";
		};
		E6E2429A0B036BEAA14B2AB7 /* Frameworks */ = {
			isa = PBXGroup;
			children = (
				432A4696F48DC53EEB5697CE /* Pods_Baby_Tracker.framework */,
				DA42E7856FB58D2B877C484F /* Pods_Baby_TrackerTests.framework */,
			);
			name = Frameworks;
			sourceTree = "<group>";
		};
/* End PBXGroup section */

/* Begin PBXNativeTarget section */
		436484AA1DCA150500E6B0A7 /* Baby Tracker */ = {
			isa = PBXNativeTarget;
			buildConfigurationList = 436484C81DCA150500E6B0A7 /* Build configuration list for PBXNativeTarget "Baby Tracker" */;
			buildPhases = (
				F98E26E6EAD0764B1E7D37D6 /* [CP] Check Pods Manifest.lock */,
				436484A71DCA150500E6B0A7 /* Sources */,
				436484A81DCA150500E6B0A7 /* Frameworks */,
				436484A91DCA150500E6B0A7 /* Resources */,
				54770791F4753F9D34E04B8C /* [CP] Embed Pods Frameworks */,
				EB0A052C8BAB51093738E988 /* [CP] Copy Pods Resources */,
			);
			buildRules = (
			);
			dependencies = (
			);
			name = "Baby Tracker";
			productName = "Baby Tracker";
			productReference = 436484AB1DCA150500E6B0A7 /* Baby Tracker.app */;
			productType = "com.apple.product-type.application";
		};
		436484BE1DCA150500E6B0A7 /* Baby TrackerTests */ = {
			isa = PBXNativeTarget;
			buildConfigurationList = 436484CB1DCA150500E6B0A7 /* Build configuration list for PBXNativeTarget "Baby TrackerTests" */;
			buildPhases = (
				063F10638634D64EA8703B1C /* [CP] Check Pods Manifest.lock */,
				436484BB1DCA150500E6B0A7 /* Sources */,
				436484BC1DCA150500E6B0A7 /* Frameworks */,
				436484BD1DCA150500E6B0A7 /* Resources */,
				984DC07BF1BF235519A441D5 /* [CP] Embed Pods Frameworks */,
				9DE4D32A44BCDA89823426F5 /* [CP] Copy Pods Resources */,
			);
			buildRules = (
			);
			dependencies = (
				436484C11DCA150500E6B0A7 /* PBXTargetDependency */,
			);
			name = "Baby TrackerTests";
			productName = "Baby TrackerTests";
			productReference = 436484BF1DCA150500E6B0A7 /* Baby TrackerTests.xctest */;
			productType = "com.apple.product-type.bundle.unit-test";
		};
/* End PBXNativeTarget section */

/* Begin PBXProject section */
		436484A31DCA150400E6B0A7 /* Project object */ = {
			isa = PBXProject;
			attributes = {
				LastSwiftUpdateCheck = 0810;
				LastUpgradeCheck = 0810;
				ORGANIZATIONNAME = "Jason Zurita";
				TargetAttributes = {
					436484AA1DCA150500E6B0A7 = {
						CreatedOnToolsVersion = 8.1;
						DevelopmentTeam = 98P3BUSPS2;
						ProvisioningStyle = Automatic;
						SystemCapabilities = {
							com.apple.Keychain = {
								enabled = 1;
							};
						};
					};
					436484BE1DCA150500E6B0A7 = {
						CreatedOnToolsVersion = 8.1;
						DevelopmentTeam = BHYX8VQHQ6;
						ProvisioningStyle = Automatic;
						TestTargetID = 436484AA1DCA150500E6B0A7;
					};
				};
			};
			buildConfigurationList = 436484A61DCA150400E6B0A7 /* Build configuration list for PBXProject "Baby Tracker" */;
			compatibilityVersion = "Xcode 3.2";
			developmentRegion = English;
			hasScannedForEncodings = 0;
			knownRegions = (
				en,
				Base,
			);
			mainGroup = 436484A21DCA150400E6B0A7;
			productRefGroup = 436484AC1DCA150500E6B0A7 /* Products */;
			projectDirPath = "";
			projectRoot = "";
			targets = (
				436484AA1DCA150500E6B0A7 /* Baby Tracker */,
				436484BE1DCA150500E6B0A7 /* Baby TrackerTests */,
			);
		};
/* End PBXProject section */

/* Begin PBXResourcesBuildPhase section */
		436484A91DCA150500E6B0A7 /* Resources */ = {
			isa = PBXResourcesBuildPhase;
			buildActionMask = 2147483647;
			files = (
				436484B91DCA150500E6B0A7 /* LaunchScreen.storyboard in Resources */,
				436484B61DCA150500E6B0A7 /* Assets.xcassets in Resources */,
				43F4FADF1DF70317005510D4 /* FeedingControl.xib in Resources */,
				436484B41DCA150500E6B0A7 /* Main.storyboard in Resources */,
				436484D01DCA160400E6B0A7 /* Tile.xib in Resources */,
				ACFDDFAD1DE6649F0074C25B /* GoogleService-Info.plist in Resources */,
			);
			runOnlyForDeploymentPostprocessing = 0;
		};
		436484BD1DCA150500E6B0A7 /* Resources */ = {
			isa = PBXResourcesBuildPhase;
			buildActionMask = 2147483647;
			files = (
			);
			runOnlyForDeploymentPostprocessing = 0;
		};
/* End PBXResourcesBuildPhase section */

/* Begin PBXShellScriptBuildPhase section */
		063F10638634D64EA8703B1C /* [CP] Check Pods Manifest.lock */ = {
			isa = PBXShellScriptBuildPhase;
			buildActionMask = 2147483647;
			files = (
			);
			inputPaths = (
			);
			name = "[CP] Check Pods Manifest.lock";
			outputPaths = (
			);
			runOnlyForDeploymentPostprocessing = 0;
			shellPath = /bin/sh;
			shellScript = "diff \"${PODS_ROOT}/../Podfile.lock\" \"${PODS_ROOT}/Manifest.lock\" > /dev/null\nif [[ $? != 0 ]] ; then\n    cat << EOM\nerror: The sandbox is not in sync with the Podfile.lock. Run 'pod install' or update your CocoaPods installation.\nEOM\n    exit 1\nfi\n";
			showEnvVarsInLog = 0;
		};
		54770791F4753F9D34E04B8C /* [CP] Embed Pods Frameworks */ = {
			isa = PBXShellScriptBuildPhase;
			buildActionMask = 2147483647;
			files = (
			);
			inputPaths = (
			);
			name = "[CP] Embed Pods Frameworks";
			outputPaths = (
			);
			runOnlyForDeploymentPostprocessing = 0;
			shellPath = /bin/sh;
			shellScript = "\"${SRCROOT}/Pods/Target Support Files/Pods-Baby Tracker/Pods-Baby Tracker-frameworks.sh\"\n";
			showEnvVarsInLog = 0;
		};
		984DC07BF1BF235519A441D5 /* [CP] Embed Pods Frameworks */ = {
			isa = PBXShellScriptBuildPhase;
			buildActionMask = 2147483647;
			files = (
			);
			inputPaths = (
			);
			name = "[CP] Embed Pods Frameworks";
			outputPaths = (
			);
			runOnlyForDeploymentPostprocessing = 0;
			shellPath = /bin/sh;
			shellScript = "\"${SRCROOT}/Pods/Target Support Files/Pods-Baby TrackerTests/Pods-Baby TrackerTests-frameworks.sh\"\n";
			showEnvVarsInLog = 0;
		};
		9DE4D32A44BCDA89823426F5 /* [CP] Copy Pods Resources */ = {
			isa = PBXShellScriptBuildPhase;
			buildActionMask = 2147483647;
			files = (
			);
			inputPaths = (
			);
			name = "[CP] Copy Pods Resources";
			outputPaths = (
			);
			runOnlyForDeploymentPostprocessing = 0;
			shellPath = /bin/sh;
			shellScript = "\"${SRCROOT}/Pods/Target Support Files/Pods-Baby TrackerTests/Pods-Baby TrackerTests-resources.sh\"\n";
			showEnvVarsInLog = 0;
		};
		EB0A052C8BAB51093738E988 /* [CP] Copy Pods Resources */ = {
			isa = PBXShellScriptBuildPhase;
			buildActionMask = 2147483647;
			files = (
			);
			inputPaths = (
			);
			name = "[CP] Copy Pods Resources";
			outputPaths = (
			);
			runOnlyForDeploymentPostprocessing = 0;
			shellPath = /bin/sh;
			shellScript = "\"${SRCROOT}/Pods/Target Support Files/Pods-Baby Tracker/Pods-Baby Tracker-resources.sh\"\n";
			showEnvVarsInLog = 0;
		};
		F98E26E6EAD0764B1E7D37D6 /* [CP] Check Pods Manifest.lock */ = {
			isa = PBXShellScriptBuildPhase;
			buildActionMask = 2147483647;
			files = (
			);
			inputPaths = (
			);
			name = "[CP] Check Pods Manifest.lock";
			outputPaths = (
			);
			runOnlyForDeploymentPostprocessing = 0;
			shellPath = /bin/sh;
			shellScript = "diff \"${PODS_ROOT}/../Podfile.lock\" \"${PODS_ROOT}/Manifest.lock\" > /dev/null\nif [[ $? != 0 ]] ; then\n    cat << EOM\nerror: The sandbox is not in sync with the Podfile.lock. Run 'pod install' or update your CocoaPods installation.\nEOM\n    exit 1\nfi\n";
			showEnvVarsInLog = 0;
		};
/* End PBXShellScriptBuildPhase section */

/* Begin PBXSourcesBuildPhase section */
		436484A71DCA150500E6B0A7 /* Sources */ = {
			isa = PBXSourcesBuildPhase;
			buildActionMask = 2147483647;
			files = (
				4330FB591DF1B42100737A7F /* NursingEvent.swift in Sources */,
				43F4FADD1DF7030B005510D4 /* FeedingControl.swift in Sources */,
				4330FB5B1DF1B4A300737A7F /* FirebaseFacade.swift in Sources */,
				437814CA1DDD1B9D0047D11A /* SignInVC.swift in Sources */,
				4330FB571DF1B41600737A7F /* Nursing.swift in Sources */,
				43FCAA851DD0BC70003872BA /* Profile.swift in Sources */,
				436484B11DCA150500E6B0A7 /* HomeVC.swift in Sources */,
				4314DD581DFB6DE300B3649C /* Enums.swift in Sources */,
				43503C3E1DD35DAC00C6424E /* Tile.swift in Sources */,
				4330FB481DEDCF2300737A7F /* Extensions.swift in Sources */,
				43D2BE651DCB684800895A65 /* FeedingVC.swift in Sources */,
				4314DD561DFB6D7500B3649C /* FeedingFacade.swift in Sources */,
				436484AF1DCA150500E6B0A7 /* AppDelegate.swift in Sources */,
				430FD7451DE484EC00D07C50 /* Constants.swift in Sources */,
				43F4FAE11DF8CD01005510D4 /* SettingsVC.swift in Sources */,
			);
			runOnlyForDeploymentPostprocessing = 0;
		};
		436484BB1DCA150500E6B0A7 /* Sources */ = {
			isa = PBXSourcesBuildPhase;
			buildActionMask = 2147483647;
			files = (
				436484C41DCA150500E6B0A7 /* Baby_TrackerTests.swift in Sources */,
			);
			runOnlyForDeploymentPostprocessing = 0;
		};
/* End PBXSourcesBuildPhase section */

/* Begin PBXTargetDependency section */
		436484C11DCA150500E6B0A7 /* PBXTargetDependency */ = {
			isa = PBXTargetDependency;
			target = 436484AA1DCA150500E6B0A7 /* Baby Tracker */;
			targetProxy = 436484C01DCA150500E6B0A7 /* PBXContainerItemProxy */;
		};
/* End PBXTargetDependency section */

/* Begin PBXVariantGroup section */
		436484B21DCA150500E6B0A7 /* Main.storyboard */ = {
			isa = PBXVariantGroup;
			children = (
				436484B31DCA150500E6B0A7 /* Base */,
			);
			name = Main.storyboard;
			sourceTree = "<group>";
		};
		436484B71DCA150500E6B0A7 /* LaunchScreen.storyboard */ = {
			isa = PBXVariantGroup;
			children = (
				436484B81DCA150500E6B0A7 /* Base */,
			);
			name = LaunchScreen.storyboard;
			sourceTree = "<group>";
		};
/* End PBXVariantGroup section */

/* Begin XCBuildConfiguration section */
		436484C61DCA150500E6B0A7 /* Debug */ = {
			isa = XCBuildConfiguration;
			buildSettings = {
				ALWAYS_SEARCH_USER_PATHS = NO;
				CLANG_ANALYZER_NONNULL = YES;
				CLANG_CXX_LANGUAGE_STANDARD = "gnu++0x";
				CLANG_CXX_LIBRARY = "libc++";
				CLANG_ENABLE_MODULES = YES;
				CLANG_ENABLE_OBJC_ARC = YES;
				CLANG_WARN_BOOL_CONVERSION = YES;
				CLANG_WARN_CONSTANT_CONVERSION = YES;
				CLANG_WARN_DIRECT_OBJC_ISA_USAGE = YES_ERROR;
				CLANG_WARN_DOCUMENTATION_COMMENTS = YES;
				CLANG_WARN_EMPTY_BODY = YES;
				CLANG_WARN_ENUM_CONVERSION = YES;
				CLANG_WARN_INFINITE_RECURSION = YES;
				CLANG_WARN_INT_CONVERSION = YES;
				CLANG_WARN_OBJC_ROOT_CLASS = YES_ERROR;
				CLANG_WARN_SUSPICIOUS_MOVES = YES;
				CLANG_WARN_UNREACHABLE_CODE = YES;
				CLANG_WARN__DUPLICATE_METHOD_MATCH = YES;
				"CODE_SIGN_IDENTITY[sdk=iphoneos*]" = "iPhone Developer";
				COPY_PHASE_STRIP = NO;
				DEBUG_INFORMATION_FORMAT = dwarf;
				ENABLE_STRICT_OBJC_MSGSEND = YES;
				ENABLE_TESTABILITY = YES;
				GCC_C_LANGUAGE_STANDARD = gnu99;
				GCC_DYNAMIC_NO_PIC = NO;
				GCC_NO_COMMON_BLOCKS = YES;
				GCC_OPTIMIZATION_LEVEL = 0;
				GCC_PREPROCESSOR_DEFINITIONS = (
					"DEBUG=1",
					"$(inherited)",
				);
				GCC_WARN_64_TO_32_BIT_CONVERSION = YES;
				GCC_WARN_ABOUT_RETURN_TYPE = YES_ERROR;
				GCC_WARN_UNDECLARED_SELECTOR = YES;
				GCC_WARN_UNINITIALIZED_AUTOS = YES_AGGRESSIVE;
				GCC_WARN_UNUSED_FUNCTION = YES;
				GCC_WARN_UNUSED_VARIABLE = YES;
				IPHONEOS_DEPLOYMENT_TARGET = 10.1;
				MTL_ENABLE_DEBUG_INFO = YES;
				ONLY_ACTIVE_ARCH = YES;
				SDKROOT = iphoneos;
				SWIFT_ACTIVE_COMPILATION_CONDITIONS = DEBUG;
				SWIFT_OPTIMIZATION_LEVEL = "-Onone";
			};
			name = Debug;
		};
		436484C71DCA150500E6B0A7 /* Release */ = {
			isa = XCBuildConfiguration;
			buildSettings = {
				ALWAYS_SEARCH_USER_PATHS = NO;
				CLANG_ANALYZER_NONNULL = YES;
				CLANG_CXX_LANGUAGE_STANDARD = "gnu++0x";
				CLANG_CXX_LIBRARY = "libc++";
				CLANG_ENABLE_MODULES = YES;
				CLANG_ENABLE_OBJC_ARC = YES;
				CLANG_WARN_BOOL_CONVERSION = YES;
				CLANG_WARN_CONSTANT_CONVERSION = YES;
				CLANG_WARN_DIRECT_OBJC_ISA_USAGE = YES_ERROR;
				CLANG_WARN_DOCUMENTATION_COMMENTS = YES;
				CLANG_WARN_EMPTY_BODY = YES;
				CLANG_WARN_ENUM_CONVERSION = YES;
				CLANG_WARN_INFINITE_RECURSION = YES;
				CLANG_WARN_INT_CONVERSION = YES;
				CLANG_WARN_OBJC_ROOT_CLASS = YES_ERROR;
				CLANG_WARN_SUSPICIOUS_MOVES = YES;
				CLANG_WARN_UNREACHABLE_CODE = YES;
				CLANG_WARN__DUPLICATE_METHOD_MATCH = YES;
				"CODE_SIGN_IDENTITY[sdk=iphoneos*]" = "iPhone Developer";
				COPY_PHASE_STRIP = NO;
				DEBUG_INFORMATION_FORMAT = "dwarf-with-dsym";
				ENABLE_NS_ASSERTIONS = NO;
				ENABLE_STRICT_OBJC_MSGSEND = YES;
				GCC_C_LANGUAGE_STANDARD = gnu99;
				GCC_NO_COMMON_BLOCKS = YES;
				GCC_WARN_64_TO_32_BIT_CONVERSION = YES;
				GCC_WARN_ABOUT_RETURN_TYPE = YES_ERROR;
				GCC_WARN_UNDECLARED_SELECTOR = YES;
				GCC_WARN_UNINITIALIZED_AUTOS = YES_AGGRESSIVE;
				GCC_WARN_UNUSED_FUNCTION = YES;
				GCC_WARN_UNUSED_VARIABLE = YES;
				IPHONEOS_DEPLOYMENT_TARGET = 10.1;
				MTL_ENABLE_DEBUG_INFO = NO;
				SDKROOT = iphoneos;
				SWIFT_OPTIMIZATION_LEVEL = "-Owholemodule";
				VALIDATE_PRODUCT = YES;
			};
			name = Release;
		};
		436484C91DCA150500E6B0A7 /* Debug */ = {
			isa = XCBuildConfiguration;
			baseConfigurationReference = F72128F7CB5F28A775078E32 /* Pods-Baby Tracker.debug.xcconfig */;
			buildSettings = {
				ASSETCATALOG_COMPILER_APPICON_NAME = AppIcon;
				CODE_SIGN_ENTITLEMENTS = "Baby Tracker/Baby Tracker.entitlements";
				DEVELOPMENT_TEAM = 98P3BUSPS2;
				INFOPLIST_FILE = "Baby Tracker/Info.plist";
				LD_RUNPATH_SEARCH_PATHS = "$(inherited) @executable_path/Frameworks";
				PRODUCT_BUNDLE_IDENTIFIER = "com.enividgames.Baby-Tracker";
				PRODUCT_NAME = "$(TARGET_NAME)";
				SWIFT_VERSION = 3.0;
			};
			name = Debug;
		};
		436484CA1DCA150500E6B0A7 /* Release */ = {
			isa = XCBuildConfiguration;
			baseConfigurationReference = EB450386D37DE8D496932C13 /* Pods-Baby Tracker.release.xcconfig */;
			buildSettings = {
				ASSETCATALOG_COMPILER_APPICON_NAME = AppIcon;
				CODE_SIGN_ENTITLEMENTS = "Baby Tracker/Baby Tracker.entitlements";
				DEVELOPMENT_TEAM = 98P3BUSPS2;
				INFOPLIST_FILE = "Baby Tracker/Info.plist";
				LD_RUNPATH_SEARCH_PATHS = "$(inherited) @executable_path/Frameworks";
				PRODUCT_BUNDLE_IDENTIFIER = "com.enividgames.Baby-Tracker";
				PRODUCT_NAME = "$(TARGET_NAME)";
				SWIFT_VERSION = 3.0;
			};
			name = Release;
		};
		436484CC1DCA150500E6B0A7 /* Debug */ = {
			isa = XCBuildConfiguration;
			buildSettings = {
				ALWAYS_EMBED_SWIFT_STANDARD_LIBRARIES = YES;
				BUNDLE_LOADER = "$(TEST_HOST)";
				DEVELOPMENT_TEAM = BHYX8VQHQ6;
				INFOPLIST_FILE = "Baby TrackerTests/Info.plist";
				LD_RUNPATH_SEARCH_PATHS = "$(inherited) @executable_path/Frameworks @loader_path/Frameworks";
				PRODUCT_BUNDLE_IDENTIFIER = "com.jasonzurita.Baby-TrackerTests";
				PRODUCT_NAME = "$(TARGET_NAME)";
				SWIFT_VERSION = 3.0;
				TEST_HOST = "$(BUILT_PRODUCTS_DIR)/Baby Tracker.app/Baby Tracker";
			};
			name = Debug;
		};
		436484CD1DCA150500E6B0A7 /* Release */ = {
			isa = XCBuildConfiguration;
			buildSettings = {
				ALWAYS_EMBED_SWIFT_STANDARD_LIBRARIES = YES;
				BUNDLE_LOADER = "$(TEST_HOST)";
				DEVELOPMENT_TEAM = BHYX8VQHQ6;
				INFOPLIST_FILE = "Baby TrackerTests/Info.plist";
				LD_RUNPATH_SEARCH_PATHS = "$(inherited) @executable_path/Frameworks @loader_path/Frameworks";
				PRODUCT_BUNDLE_IDENTIFIER = "com.jasonzurita.Baby-TrackerTests";
				PRODUCT_NAME = "$(TARGET_NAME)";
				SWIFT_VERSION = 3.0;
				TEST_HOST = "$(BUILT_PRODUCTS_DIR)/Baby Tracker.app/Baby Tracker";
			};
			name = Release;
		};
/* End XCBuildConfiguration section */

/* Begin XCConfigurationList section */
		436484A61DCA150400E6B0A7 /* Build configuration list for PBXProject "Baby Tracker" */ = {
			isa = XCConfigurationList;
			buildConfigurations = (
				436484C61DCA150500E6B0A7 /* Debug */,
				436484C71DCA150500E6B0A7 /* Release */,
			);
			defaultConfigurationIsVisible = 0;
			defaultConfigurationName = Release;
		};
		436484C81DCA150500E6B0A7 /* Build configuration list for PBXNativeTarget "Baby Tracker" */ = {
			isa = XCConfigurationList;
			buildConfigurations = (
				436484C91DCA150500E6B0A7 /* Debug */,
				436484CA1DCA150500E6B0A7 /* Release */,
			);
			defaultConfigurationIsVisible = 0;
			defaultConfigurationName = Release;
		};
		436484CB1DCA150500E6B0A7 /* Build configuration list for PBXNativeTarget "Baby TrackerTests" */ = {
			isa = XCConfigurationList;
			buildConfigurations = (
				436484CC1DCA150500E6B0A7 /* Debug */,
				436484CD1DCA150500E6B0A7 /* Release */,
			);
			defaultConfigurationIsVisible = 0;
			defaultConfigurationName = Release;
		};
/* End XCConfigurationList section */
	};
	rootObject = 436484A31DCA150400E6B0A7 /* Project object */;
}
